%{
  "earmark": {:hex, :earmark, "1.2.0", "bf1ce17aea43ab62f6943b97bd6e3dc032ce45d4f787504e3adf738e54b42f3a", [:mix], [], "hexpm", "6709251dd10e70cca0d50be8a25adc38c701b39eac2da3b1c166e3e7e4d358ed"},
  "ex_doc": {:hex, :ex_doc, "0.15.1", "d5f9d588fd802152516fccfdb96d6073753f77314fcfee892b15b6724ca0d596", [:mix], [{:earmark, "~> 1.1", [hex: :earmark, repo: "hexpm", optional: false]}], "hexpm", "00d41bec3590533279b90870d68ebc4fdfcc3a1c7b6629796167b49bfa199d54"},
  "mime": {:hex, :mime, "1.1.0", "01c1d6f4083d8aa5c7b8c246ade95139620ef8effb009edde934e0ec3b28090a", [:mix], [], "hexpm", "33dd09e615daab5668c15cc3a33829892728fdbed910ab0c0a0edb06b45fc54d"},
  "phoenix": {:git, "https://github.com/phoenixframework/phoenix.git", "4bbf2f08dbd8dad3a0bf231b6c05295e1bc1e501", []},
  "phoenix_pubsub": {:hex, :phoenix_pubsub, "1.0.1", "c10ddf6237007c804bf2b8f3c4d5b99009b42eca3a0dfac04ea2d8001186056a", [:mix], [], "hexpm", "4acd2f6100e6f23f1662afadc6da7342a6718876c41886bbb79acb97a50cd398"},
  "plug": {:hex, :plug, "1.3.5", "7503bfcd7091df2a9761ef8cecea666d1f2cc454cbbaf0afa0b6e259203b7031", [:mix], [{:cowboy, "~> 1.0.1 or ~> 1.1", [hex: :cowboy, repo: "hexpm", optional: true]}, {:mime, "~> 1.0", [hex: :mime, repo: "hexpm", optional: false]}], "hexpm", "141058cca1fa800128391ece7f442f71a7b42a7411e6eaa56dc8f85283c8dde7"},
  "poison": {:hex, :poison, "3.1.0", "d9eb636610e096f86f25d9a46f35a9facac35609a7591b3be3326e99a0484665", [:mix], [], "hexpm", "fec8660eb7733ee4117b85f55799fd3833eb769a6df71ccf8903e8dc5447cfce"},
}
